
Microsoft Visual Studio Solution File, Format Version 12.00
# Visual Studio Version 17
VisualStudioVersion = 17.9.34723.18
MinimumVisualStudioVersion = 10.0.40219.1
Project("{FAE04EC0-301F-11D3-BF4B-00C04F79EFBC}") = "ExcelScript", "ExcelScript\ExcelScript.csproj", "{E556FF07-EFA9-4DEA-9654-BBB72673ADF4}"
EndProject
Global
	GlobalSection(SolutionConfigurationPlatforms) = preSolution
		Debug|Any CPU = Debug|Any CPU
		Release|Any CPU = Release|Any CPU
	EndGlobalSection
	GlobalSection(ProjectConfigurationPlatforms) = postSolution
		{E556FF07-EFA9-4DEA-9654-BBB72673ADF4}.Debug|Any CPU.ActiveCfg = Debug|Any CPU
		{E556FF07-EFA9-4DEA-9654-BBB72673ADF4}.Debug|Any CPU.Build.0 = Debug|Any CPU
		{E556FF07-EFA9-4DEA-9654-BBB72673ADF4}.Release|Any CPU.ActiveCfg = Release|Any CPU
		{E556FF07-EFA9-4DEA-9654-BBB72673ADF4}.Release|Any CPU.Build.0 = Release|Any CPU
	EndGlobalSection
	GlobalSection(SolutionProperties) = preSolution
		HideSolutionNode = FALSE
	EndGlobalSection
	GlobalSection(ExtensibilityGlobals) = postSolution
		SolutionGuid = {3F31D859-A93E-4473-B23E-995B3BD25CC4}
	EndGlobalSection
EndGlobal
